// !$*UTF8*$!
{
	archiveVersion = 1;
	classes = {
	};
	objectVersion = 77;
	objects = {

/* Begin PBXContainerItemProxy section */
		FABD18862EB0CEC70045C6FF /* PBXContainerItemProxy */ = {
			isa = PBXContainerItemProxy;
			containerPortal = FABD18702EB0CEC70045C6FF /* Project object */;
			proxyType = 1;
			remoteGlobalIDString = FABD18772EB0CEC70045C6FF;
			remoteInfo = EB5GuideNext;
		};
		FABD18902EB0CEC70045C6FF /* PBXContainerItemProxy */ = {
			isa = PBXContainerItemProxy;
			containerPortal = FABD18702EB0CEC70045C6FF /* Project object */;
			proxyType = 1;
			remoteGlobalIDString = FABD18772EB0CEC70045C6FF;
			remoteInfo = EB5GuideNext;
		};
/* End PBXContainerItemProxy section */

/* Begin PBXFileReference section */
		FABD18782EB0CEC70045C6FF /* EB5GuideNext.app */ = {isa = PBXFileReference; explicitFileType = wrapper.application; includeInIndex = 0; path = EB5GuideNext.app; sourceTree = BUILT_PRODUCTS_DIR; };
		FABD18852EB0CEC70045C6FF /* EB5GuideNextTests.xctest */ = {isa = PBXFileReference; explicitFileType = wrapper.cfbundle; includeInIndex = 0; path = EB5GuideNextTests.xctest; sourceTree = BUILT_PRODUCTS_DIR; };
		FABD188F2EB0CEC70045C6FF /* EB5GuideNextUITests.xctest */ = {isa = PBXFileReference; explicitFileType = wrapper.cfbundle; includeInIndex = 0; path = EB5GuideNextUITests.xctest; sourceTree = BUILT_PRODUCTS_DIR; };
		FABD18BA2EB0E01A0045C6FF /* en.lproj */ = {isa = PBXFileReference; lastKnownFileType = folder; name = en.lproj; path = EB5GuideNext/en.lproj; sourceTree = "<group>"; };
		FABD18BD2EB0E0320045C6FF /* zh-Hans.lproj */ = {isa = PBXFileReference; lastKnownFileType = folder; name = "zh-Hans.lproj"; path = "EB5GuideNext/zh-Hans.lproj"; sourceTree = "<group>"; };
		FABD18BF2EB0E03D0045C6FF /* vi.lproj */ = {isa = PBXFileReference; lastKnownFileType = folder; name = vi.lproj; path = EB5GuideNext/vi.lproj; sourceTree = "<group>"; };
		FABD18C12EB0E0460045C6FF /* ko.lproj */ = {isa = PBXFileReference; lastKnownFileType = folder; name = ko.lproj; path = EB5GuideNext/ko.lproj; sourceTree = "<group>"; };
		FABD18C32EB0E0840045C6FF /* Base.lproj */ = {isa = PBXFileReference; lastKnownFileType = folder; name = Base.lproj; path = EB5GuideNext/Base.lproj; sourceTree = "<group>"; };
/* End PBXFileReference section */

/* Begin PBXFileSystemSynchronizedBuildFileExceptionSet section */
		FABD18F02EB2571D0045C6FF /* Exceptions for "EB5GuideNext" folder in "EB5GuideNext" target */ = {
			isa = PBXFileSystemSynchronizedBuildFileExceptionSet;
			membershipExceptions = (
				Info.plist,
			);
			target = FABD18772EB0CEC70045C6FF /* EB5GuideNext */;
		};
/* End PBXFileSystemSynchronizedBuildFileExceptionSet section */

/* Begin PBXFileSystemSynchronizedRootGroup section */
		FABD187A2EB0CEC70045C6FF /* EB5GuideNext */ = {
			isa = PBXFileSystemSynchronizedRootGroup;
			exceptions = (
				FABD18F02EB2571D0045C6FF /* Exceptions for "EB5GuideNext" folder in "EB5GuideNext" target */,
			);
			path = EB5GuideNext;
			sourceTree = "<group>";
		};
		FABD18882EB0CEC70045C6FF /* EB5GuideNextTests */ = {
			isa = PBXFileSystemSynchronizedRootGroup;
			path = EB5GuideNextTests;
			sourceTree = "<group>";
		};
		FABD18922EB0CEC70045C6FF /* EB5GuideNextUITests */ = {
			isa = PBXFileSystemSynchronizedRootGroup;
			path = EB5GuideNextUITests;
			sourceTree = "<group>";
		};
/* End PBXFileSystemSynchronizedRootGroup section */

/* Begin PBXFrameworksBuildPhase section */
		FABD18752EB0CEC70045C6FF /* Frameworks */ = {
			isa = PBXFrameworksBuildPhase;
			buildActionMask = 2147483647;
			files = (
			);
			runOnlyForDeploymentPostprocessing = 0;
		};
		FABD18822EB0CEC70045C6FF /* Frameworks */ = {
			isa = PBXFrameworksBuildPhase;
			buildActionMask = 2147483647;
			files = (
			);
			runOnlyForDeploymentPostprocessing = 0;
		};
		FABD188C2EB0CEC70045C6FF /* Frameworks */ = {
			isa = PBXFrameworksBuildPhase;
			buildActionMask = 2147483647;
			files = (
			);
			runOnlyForDeploymentPostprocessing = 0;
		};
/* End PBXFrameworksBuildPhase section */

/* Begin PBXGroup section */
		FABD186F2EB0CEC70045C6FF = {
			isa = PBXGroup;
			children = (
				FABD18C32EB0E0840045C6FF /* Base.lproj */,
				FABD18C12EB0E0460045C6FF /* ko.lproj */,
				FABD18BF2EB0E03D0045C6FF /* vi.lproj */,
				FABD18BD2EB0E0320045C6FF /* zh-Hans.lproj */,
				FABD18BA2EB0E01A0045C6FF /* en.lproj */,
				FABD187A2EB0CEC70045C6FF /* EB5GuideNext */,
				FABD18882EB0CEC70045C6FF /* EB5GuideNextTests */,
				FABD18922EB0CEC70045C6FF /* EB5GuideNextUITests */,
				FABD18792EB0CEC70045C6FF /* Products */,
			);
			sourceTree = "<group>";
		};
		FABD18792EB0CEC70045C6FF /* Products */ = {
			isa = PBXGroup;
			children = (
				FABD18782EB0CEC70045C6FF /* EB5GuideNext.app */,
				FABD18852EB0CEC70045C6FF /* EB5GuideNextTests.xctest */,
				FABD188F2EB0CEC70045C6FF /* EB5GuideNextUITests.xctest */,
			);
			name = Products;
			sourceTree = "<group>";
		};
/* End PBXGroup section */

/* Begin PBXNativeTarget section */
		FABD18772EB0CEC70045C6FF /* EB5GuideNext */ = {
			isa = PBXNativeTarget;
			buildConfigurationList = FABD18992EB0CEC70045C6FF /* Build configuration list for PBXNativeTarget "EB5GuideNext" */;
			buildPhases = (
				FABD18742EB0CEC70045C6FF /* Sources */,
				FABD18752EB0CEC70045C6FF /* Frameworks */,
				FABD18762EB0CEC70045C6FF /* Resources */,
			);
			buildRules = (
			);
			dependencies = (
			);
			fileSystemSynchronizedGroups = (
				FABD187A2EB0CEC70045C6FF /* EB5GuideNext */,
			);
			name = EB5GuideNext;
			packageProductDependencies = (
			);
			productName = EB5GuideNext;
			productReference = FABD18782EB0CEC70045C6FF /* EB5GuideNext.app */;
			productType = "com.apple.product-type.application";
		};
		FABD18842EB0CEC70045C6FF /* EB5GuideNextTests */ = {
			isa = PBXNativeTarget;
			buildConfigurationList = FABD189C2EB0CEC70045C6FF /* Build configuration list for PBXNativeTarget "EB5GuideNextTests" */;
			buildPhases = (
				FABD18812EB0CEC70045C6FF /* Sources */,
				FABD18822EB0CEC70045C6FF /* Frameworks */,
				FABD18832EB0CEC70045C6FF /* Resources */,
			);
			buildRules = (
			);
			dependencies = (
				FABD18872EB0CEC70045C6FF /* PBXTargetDependency */,
			);
			fileSystemSynchronizedGroups = (
				FABD18882EB0CEC70045C6FF /* EB5GuideNextTests */,
			);
			name = EB5GuideNextTests;
			packageProductDependencies = (
			);
			productName = EB5GuideNextTests;
			productReference = FABD18852EB0CEC70045C6FF /* EB5GuideNextTests.xctest */;
			productType = "com.apple.product-type.bundle.unit-test";
		};
		FABD188E2EB0CEC70045C6FF /* EB5GuideNextUITests */ = {
			isa = PBXNativeTarget;
			buildConfigurationList = FABD189F2EB0CEC70045C6FF /* Build configuration list for PBXNativeTarget "EB5GuideNextUITests" */;
			buildPhases = (
				FABD188B2EB0CEC70045C6FF /* Sources */,
				FABD188C2EB0CEC70045C6FF /* Frameworks */,
				FABD188D2EB0CEC70045C6FF /* Resources */,
			);
			buildRules = (
			);
			dependencies = (
				FABD18912EB0CEC70045C6FF /* PBXTargetDependency */,
			);
			fileSystemSynchronizedGroups = (
				FABD18922EB0CEC70045C6FF /* EB5GuideNextUITests */,
			);
			name = EB5GuideNextUITests;
			packageProductDependencies = (
			);
			productName = EB5GuideNextUITests;
			productReference = FABD188F2EB0CEC70045C6FF /* EB5GuideNextUITests.xctest */;
			productType = "com.apple.product-type.bundle.ui-testing";
		};
/* End PBXNativeTarget section */

/* Begin PBXProject section */
		FABD18702EB0CEC70045C6FF /* Project object */ = {
			isa = PBXProject;
			attributes = {
				BuildIndependentTargetsInParallel = 1;
				LastSwiftUpdateCheck = 2600;
				LastUpgradeCheck = 2600;
				TargetAttributes = {
					FABD18772EB0CEC70045C6FF = {
						CreatedOnToolsVersion = 26.0.1;
					};
					FABD18842EB0CEC70045C6FF = {
						CreatedOnToolsVersion = 26.0.1;
						TestTargetID = FABD18772EB0CEC70045C6FF;
					};
					FABD188E2EB0CEC70045C6FF = {
						CreatedOnToolsVersion = 26.0.1;
						TestTargetID = FABD18772EB0CEC70045C6FF;
					};
				};
			};
			buildConfigurationList = FABD18732EB0CEC70045C6FF /* Build configuration list for PBXProject "EB5GuideNext" */;
			developmentRegion = en;
			hasScannedForEncodings = 0;
			knownRegions = (
				en,
				Base,
				"zh-Hans",
				vi,
				ko,
			);
			mainGroup = FABD186F2EB0CEC70045C6FF;
			minimizedProjectReferenceProxies = 1;
			preferredProjectObjectVersion = 77;
			productRefGroup = FABD18792EB0CEC70045C6FF /* Products */;
			projectDirPath = "";
			projectRoot = "";
			targets = (
				FABD18772EB0CEC70045C6FF /* EB5GuideNext */,
				FABD18842EB0CEC70045C6FF /* EB5GuideNextTests */,
				FABD188E2EB0CEC70045C6FF /* EB5GuideNextUITests */,
			);
		};
/* End PBXProject section */

/* Begin PBXResourcesBuildPhase section */
		FABD18762EB0CEC70045C6FF /* Resources */ = {
			isa = PBXResourcesBuildPhase;
			buildActionMask = 2147483647;
			files = (
			);
			runOnlyForDeploymentPostprocessing = 0;
		};
		FABD18832EB0CEC70045C6FF /* Resources */ = {
			isa = PBXResourcesBuildPhase;
			buildActionMask = 2147483647;
			files = (
			);
			runOnlyForDeploymentPostprocessing = 0;
		};
		FABD188D2EB0CEC70045C6FF /* Resources */ = {
			isa = PBXResourcesBuildPhase;
			buildActionMask = 2147483647;
			files = (
			);
			runOnlyForDeploymentPostprocessing = 0;
		};
/* End PBXResourcesBuildPhase section */

/* Begin PBXSourcesBuildPhase section */
		FABD18742EB0CEC70045C6FF /* Sources */ = {
			isa = PBXSourcesBuildPhase;
			buildActionMask = 2147483647;
			files = (
			);
			runOnlyForDeploymentPostprocessing = 0;
		};
		FABD18812EB0CEC70045C6FF /* Sources */ = {
			isa = PBXSourcesBuildPhase;
			buildActionMask = 2147483647;
			files = (
			);
			runOnlyForDeploymentPostprocessing = 0;
		};
		FABD188B2EB0CEC70045C6FF /* Sources */ = {
			isa = PBXSourcesBuildPhase;
			buildActionMask = 2147483647;
			files = (
			);
			runOnlyForDeploymentPostprocessing = 0;
		};
/* End PBXSourcesBuildPhase section */

/* Begin PBXTargetDependency section */
		FABD18872EB0CEC70045C6FF /* PBXTargetDependency */ = {
			isa = PBXTargetDependency;
			target = FABD18772EB0CEC70045C6FF /* EB5GuideNext */;
			targetProxy = FABD18862EB0CEC70045C6FF /* PBXContainerItemProxy */;
		};
		FABD18912EB0CEC70045C6FF /* PBXTargetDependency */ = {
			isa = PBXTargetDependency;
			target = FABD18772EB0CEC70045C6FF /* EB5GuideNext */;
			targetProxy = FABD18902EB0CEC70045C6FF /* PBXContainerItemProxy */;
		};
/* End PBXTargetDependency section */

/* Begin XCBuildConfiguration section */
		FABD18972EB0CEC70045C6FF /* Debug */ = {
			isa = XCBuildConfiguration;
			buildSettings = {
				ALWAYS_SEARCH_USER_PATHS = NO;
				ASSETCATALOG_COMPILER_GENERATE_SWIFT_ASSET_SYMBOL_EXTENSIONS = YES;
				CLANG_ANALYZER_NONNULL = YES;
				CLANG_ANALYZER_NUMBER_OBJECT_CONVERSION = YES_AGGRESSIVE;
				CLANG_CXX_LANGUAGE_STANDARD = "gnu++20";
				CLANG_ENABLE_MODULES = YES;
				CLANG_ENABLE_OBJC_ARC = YES;
				CLANG_ENABLE_OBJC_WEAK = YES;
				CLANG_WARN_BLOCK_CAPTURE_AUTORELEASING = YES;
				CLANG_WARN_BOOL_CONVERSION = YES;
				CLANG_WARN_COMMA = YES;
				CLANG_WARN_CONSTANT_CONVERSION = YES;
				CLANG_WARN_DEPRECATED_OBJC_IMPLEMENTATIONS = YES;
				CLANG_WARN_DIRECT_OBJC_ISA_USAGE = YES_ERROR;
				CLANG_WARN_DOCUMENTATION_COMMENTS = YES;
				CLANG_WARN_EMPTY_BODY = YES;
				CLANG_WARN_ENUM_CONVERSION = YES;
				CLANG_WARN_INFINITE_RECURSION = YES;
				CLANG_WARN_INT_CONVERSION = YES;
				CLANG_WARN_NON_LITERAL_NULL_CONVERSION = YES;
				CLANG_WARN_OBJC_IMPLICIT_RETAIN_SELF = YES;
				CLANG_WARN_OBJC_LITERAL_CONVERSION = YES;
				CLANG_WARN_OBJC_ROOT_CLASS = YES_ERROR;
				CLANG_WARN_QUOTED_INCLUDE_IN_FRAMEWORK_HEADER = YES;
				CLANG_WARN_RANGE_LOOP_ANALYSIS = YES;
				CLANG_WARN_STRICT_PROTOTYPES = YES;
				CLANG_WARN_SUSPICIOUS_MOVE = YES;
				CLANG_WARN_UNGUARDED_AVAILABILITY = YES_AGGRESSIVE;
				CLANG_WARN_UNREACHABLE_CODE = YES;
				CLANG_WARN__DUPLICATE_METHOD_MATCH = YES;
				COPY_PHASE_STRIP = NO;
				DEBUG_INFORMATION_FORMAT = dwarf;
				DEVELOPMENT_TEAM = 6BNFTTA76P;
				ENABLE_STRICT_OBJC_MSGSEND = YES;
				ENABLE_TESTABILITY = YES;
				ENABLE_USER_SCRIPT_SANDBOXING = YES;
				GCC_C_LANGUAGE_STANDARD = gnu17;
				GCC_DYNAMIC_NO_PIC = NO;
				GCC_NO_COMMON_BLOCKS = YES;
				GCC_OPTIMIZATION_LEVEL = 0;
				GCC_PREPROCESSOR_DEFINITIONS = (
					"DEBUG=1",
					"$(inherited)",
				);
				GCC_WARN_64_TO_32_BIT_CONVERSION = YES;
				GCC_WARN_ABOUT_RETURN_TYPE = YES_ERROR;
				GCC_WARN_UNDECLARED_SELECTOR = YES;
				GCC_WARN_UNINITIALIZED_AUTOS = YES_AGGRESSIVE;
				GCC_WARN_UNUSED_FUNCTION = YES;
				GCC_WARN_UNUSED_VARIABLE = YES;
				IPHONEOS_DEPLOYMENT_TARGET = 16.6;
				LOCALIZATION_PREFERS_STRING_CATALOGS = YES;
				MTL_ENABLE_DEBUG_INFO = INCLUDE_SOURCE;
				MTL_FAST_MATH = YES;
				ONLY_ACTIVE_ARCH = YES;
				SDKROOT = iphoneos;
				SWIFT_ACTIVE_COMPILATION_CONDITIONS = "DEBUG $(inherited)";
				SWIFT_OPTIMIZATION_LEVEL = "-Onone";
			};
			name = Debug;
		};
		FABD18982EB0CEC70045C6FF /* Release */ = {
			isa = XCBuildConfiguration;
			buildSettings = {
				ALWAYS_SEARCH_USER_PATHS = NO;
				ASSETCATALOG_COMPILER_GENERATE_SWIFT_ASSET_SYMBOL_EXTENSIONS = YES;
				CLANG_ANALYZER_NONNULL = YES;
				CLANG_ANALYZER_NUMBER_OBJECT_CONVERSION = YES_AGGRESSIVE;
				CLANG_CXX_LANGUAGE_STANDARD = "gnu++20";
				CLANG_ENABLE_MODULES = YES;
				CLANG_ENABLE_OBJC_ARC = YES;
				CLANG_ENABLE_OBJC_WEAK = YES;
				CLANG_WARN_BLOCK_CAPTURE_AUTORELEASING = YES;
				CLANG_WARN_BOOL_CONVERSION = YES;
				CLANG_WARN_COMMA = YES;
				CLANG_WARN_CONSTANT_CONVERSION = YES;
				CLANG_WARN_DEPRECATED_OBJC_IMPLEMENTATIONS = YES;
				CLANG_WARN_DIRECT_OBJC_ISA_USAGE = YES_ERROR;
				CLANG_WARN_DOCUMENTATION_COMMENTS = YES;
				CLANG_WARN_EMPTY_BODY = YES;
				CLANG_WARN_ENUM_CONVERSION = YES;
				CLANG_WARN_INFINITE_RECURSION = YES;
				CLANG_WARN_INT_CONVERSION = YES;
				CLANG_WARN_NON_LITERAL_NULL_CONVERSION = YES;
				CLANG_WARN_OBJC_IMPLICIT_RETAIN_SELF = YES;
				CLANG_WARN_OBJC_LITERAL_CONVERSION = YES;
				CLANG_WARN_OBJC_ROOT_CLASS = YES_ERROR;
				CLANG_WARN_QUOTED_INCLUDE_IN_FRAMEWORK_HEADER = YES;
				CLANG_WARN_RANGE_LOOP_ANALYSIS = YES;
				CLANG_WARN_STRICT_PROTOTYPES = YES;
				CLANG_WARN_SUSPICIOUS_MOVE = YES;
				CLANG_WARN_UNGUARDED_AVAILABILITY = YES_AGGRESSIVE;
				CLANG_WARN_UNREACHABLE_CODE = YES;
				CLANG_WARN__DUPLICATE_METHOD_MATCH = YES;
				COPY_PHASE_STRIP = NO;
				DEBUG_INFORMATION_FORMAT = "dwarf-with-dsym";
				DEVELOPMENT_TEAM = 6BNFTTA76P;
				ENABLE_NS_ASSERTIONS = NO;
				ENABLE_STRICT_OBJC_MSGSEND = YES;
				ENABLE_USER_SCRIPT_SANDBOXING = YES;
				GCC_C_LANGUAGE_STANDARD = gnu17;
				GCC_NO_COMMON_BLOCKS = YES;
				GCC_WARN_64_TO_32_BIT_CONVERSION = YES;
				GCC_WARN_ABOUT_RETURN_TYPE = YES_ERROR;
				GCC_WARN_UNDECLARED_SELECTOR = YES;
				GCC_WARN_UNINITIALIZED_AUTOS = YES_AGGRESSIVE;
				GCC_WARN_UNUSED_FUNCTION = YES;
				GCC_WARN_UNUSED_VARIABLE = YES;
				IPHONEOS_DEPLOYMENT_TARGET = 16.6;
				LOCALIZATION_PREFERS_STRING_CATALOGS = YES;
				MTL_ENABLE_DEBUG_INFO = NO;
				MTL_FAST_MATH = YES;
				SDKROOT = iphoneos;
				SWIFT_COMPILATION_MODE = wholemodule;
				VALIDATE_PRODUCT = YES;
			};
			name = Release;
		};
		FABD189A2EB0CEC70045C6FF /* Debug */ = {
			isa = XCBuildConfiguration;
			buildSettings = {
				ASSETCATALOG_COMPILER_APPICON_NAME = AppIcon;
				ASSETCATALOG_COMPILER_GLOBAL_ACCENT_COLOR_NAME = AccentColor;
				ASSETCATALOG_COMPILER_INCLUDE_ALL_APPICON_ASSETS = NO;
				CODE_SIGN_ENTITLEMENTS = EB5GuideNext/EB5GuideNext.entitlements;
				CODE_SIGN_STYLE = Automatic;
				CURRENT_PROJECT_VERSION = 1;
				DEVELOPMENT_TEAM = 6BNFTTA76P;
				ENABLE_PREVIEWS = YES;
				GENERATE_INFOPLIST_FILE = YES;
				INFOPLIST_FILE = EB5GuideNext/Info.plist;
				INFOPLIST_KEY_CFBundleDisplayName = "EB-5 Guide";
				INFOPLIST_KEY_LSApplicationCategoryType = "public.app-category.business";
				INFOPLIST_KEY_UIApplicationSceneManifest_Generation = YES;
				INFOPLIST_KEY_UIApplicationSupportsIndirectInputEvents = YES;
				INFOPLIST_KEY_UILaunchScreen_Generation = YES;
				INFOPLIST_KEY_UISupportedInterfaceOrientations_iPad = "UIInterfaceOrientationPortrait UIInterfaceOrientationPortraitUpsideDown UIInterfaceOrientationLandscapeLeft UIInterfaceOrientationLandscapeRight";
				INFOPLIST_KEY_UISupportedInterfaceOrientations_iPhone = "UIInterfaceOrientationPortrait UIInterfaceOrientationLandscapeLeft UIInterfaceOrientationLandscapeRight";
				IPHONEOS_DEPLOYMENT_TARGET = 16.6;
				LD_RUNPATH_SEARCH_PATHS = (
					"$(inherited)",
					"@executable_path/Frameworks",
				);
				MARKETING_VERSION = 2.0;
				PRODUCT_BUNDLE_IDENTIFIER = eb5.eb5guideapp;
				PRODUCT_NAME = "$(TARGET_NAME)";
				STRING_CATALOG_GENERATE_SYMBOLS = YES;
				SWIFT_APPROACHABLE_CONCURRENCY = YES;
				SWIFT_DEFAULT_ACTOR_ISOLATION = MainActor;
				SWIFT_EMIT_LOC_STRINGS = YES;
				SWIFT_UPCOMING_FEATURE_MEMBER_IMPORT_VISIBILITY = YES;
				SWIFT_VERSION = 5.0;
				TARGETED_DEVICE_FAMILY = "1,2";
			};
			name = Debug;
		};
		FABD189B2EB0CEC70045C6FF /* Release */ = {
			isa = XCBuildConfiguration;
			buildSettings = {
				ASSETCATALOG_COMPILER_APPICON_NAME = AppIcon;
				ASSETCATALOG_COMPILER_GLOBAL_ACCENT_COLOR_NAME = AccentColor;
				ASSETCATALOG_COMPILER_INCLUDE_ALL_APPICON_ASSETS = NO;
				CODE_SIGN_ENTITLEMENTS = EB5GuideNext/EB5GuideNext.entitlements;
				CODE_SIGN_STYLE = Automatic;
				CURRENT_PROJECT_VERSION = 1;
				DEVELOPMENT_TEAM = 6BNFTTA76P;
				ENABLE_PREVIEWS = YES;
				GENERATE_INFOPLIST_FILE = YES;
				INFOPLIST_FILE = EB5GuideNext/Info.plist;
				INFOPLIST_KEY_CFBundleDisplayName = "EB-5 Guide";
				INFOPLIST_KEY_LSApplicationCategoryType = "public.app-category.business";
				INFOPLIST_KEY_UIApplicationSceneManifest_Generation = YES;
				INFOPLIST_KEY_UIApplicationSupportsIndirectInputEvents = YES;
				INFOPLIST_KEY_UILaunchScreen_Generation = YES;
				INFOPLIST_KEY_UISupportedInterfaceOrientations_iPad = "UIInterfaceOrientationPortrait UIInterfaceOrientationPortraitUpsideDown UIInterfaceOrientationLandscapeLeft UIInterfaceOrientationLandscapeRight";
				INFOPLIST_KEY_UISupportedInterfaceOrientations_iPhone = "UIInterfaceOrientationPortrait UIInterfaceOrientationLandscapeLeft UIInterfaceOrientationLandscapeRight";
				IPHONEOS_DEPLOYMENT_TARGET = 16.6;
				LD_RUNPATH_SEARCH_PATHS = (
					"$(inherited)",
					"@executable_path/Frameworks",
				);
				MARKETING_VERSION = 2.0;
				PRODUCT_BUNDLE_IDENTIFIER = eb5.eb5guideapp;
				PRODUCT_NAME = "$(TARGET_NAME)";
				STRING_CATALOG_GENERATE_SYMBOLS = YES;
				SWIFT_APPROACHABLE_CONCURRENCY = YES;
				SWIFT_DEFAULT_ACTOR_ISOLATION = MainActor;
				SWIFT_EMIT_LOC_STRINGS = YES;
				SWIFT_UPCOMING_FEATURE_MEMBER_IMPORT_VISIBILITY = YES;
				SWIFT_VERSION = 5.0;
				TARGETED_DEVICE_FAMILY = "1,2";
			};
			name = Release;
		};
		FABD189D2EB0CEC70045C6FF /* Debug */ = {
			isa = XCBuildConfiguration;
			buildSettings = {
				BUNDLE_LOADER = "$(TEST_HOST)";
				CODE_SIGN_STYLE = Automatic;
				CURRENT_PROJECT_VERSION = 1;
				DEVELOPMENT_TEAM = 6BNFTTA76P;
				GENERATE_INFOPLIST_FILE = YES;
				IPHONEOS_DEPLOYMENT_TARGET = 26.0;
				MARKETING_VERSION = 1.0;
				PRODUCT_BUNDLE_IDENTIFIER = eb5.EB5GuideNextTests;
				PRODUCT_NAME = "$(TARGET_NAME)";
				STRING_CATALOG_GENERATE_SYMBOLS = NO;
				SWIFT_APPROACHABLE_CONCURRENCY = YES;
				SWIFT_EMIT_LOC_STRINGS = NO;
				SWIFT_UPCOMING_FEATURE_MEMBER_IMPORT_VISIBILITY = YES;
				SWIFT_VERSION = 5.0;
				TARGETED_DEVICE_FAMILY = "1,2";
				TEST_HOST = "$(BUILT_PRODUCTS_DIR)/EB5GuideNext.app/$(BUNDLE_EXECUTABLE_FOLDER_PATH)/EB5GuideNext";
			};
			name = Debug;
		};
		FABD189E2EB0CEC70045C6FF /* Release */ = {
			isa = XCBuildConfiguration;
			buildSettings = {
				BUNDLE_LOADER = "$(TEST_HOST)";
				CODE_SIGN_STYLE = Automatic;
				CURRENT_PROJECT_VERSION = 1;
				DEVELOPMENT_TEAM = 6BNFTTA76P;
				GENERATE_INFOPLIST_FILE = YES;
				IPHONEOS_DEPLOYMENT_TARGET = 26.0;
				MARKETING_VERSION = 1.0;
				PRODUCT_BUNDLE_IDENTIFIER = eb5.EB5GuideNextTests;
				PRODUCT_NAME = "$(TARGET_NAME)";
				STRING_CATALOG_GENERATE_SYMBOLS = NO;
				SWIFT_APPROACHABLE_CONCURRENCY = YES;
				SWIFT_EMIT_LOC_STRINGS = NO;
				SWIFT_UPCOMING_FEATURE_MEMBER_IMPORT_VISIBILITY = YES;
				SWIFT_VERSION = 5.0;
				TARGETED_DEVICE_FAMILY = "1,2";
				TEST_HOST = "$(BUILT_PRODUCTS_DIR)/EB5GuideNext.app/$(BUNDLE_EXECUTABLE_FOLDER_PATH)/EB5GuideNext";
			};
			name = Release;
		};
		FABD18A02EB0CEC70045C6FF /* Debug */ = {
			isa = XCBuildConfiguration;
			buildSettings = {
				CODE_SIGN_STYLE = Automatic;
				CURRENT_PROJECT_VERSION = 1;
				DEVELOPMENT_TEAM = 6BNFTTA76P;
				GENERATE_INFOPLIST_FILE = YES;
				MARKETING_VERSION = 1.0;
				PRODUCT_BUNDLE_IDENTIFIER = eb5.EB5GuideNextUITests;
				PRODUCT_NAME = "$(TARGET_NAME)";
				STRING_CATALOG_GENERATE_SYMBOLS = NO;
				SWIFT_APPROACHABLE_CONCURRENCY = YES;
				SWIFT_EMIT_LOC_STRINGS = NO;
				SWIFT_UPCOMING_FEATURE_MEMBER_IMPORT_VISIBILITY = YES;
				SWIFT_VERSION = 5.0;
				TARGETED_DEVICE_FAMILY = "1,2";
				TEST_TARGET_NAME = EB5GuideNext;
			};
			name = Debug;
		};
		FABD18A12EB0CEC70045C6FF /* Release */ = {
			isa = XCBuildConfiguration;
			buildSettings = {
				CODE_SIGN_STYLE = Automatic;
				CURRENT_PROJECT_VERSION = 1;
				DEVELOPMENT_TEAM = 6BNFTTA76P;
				GENERATE_INFOPLIST_FILE = YES;
				MARKETING_VERSION = 1.0;
				PRODUCT_BUNDLE_IDENTIFIER = eb5.EB5GuideNextUITests;
				PRODUCT_NAME = "$(TARGET_NAME)";
				STRING_CATALOG_GENERATE_SYMBOLS = NO;
				SWIFT_APPROACHABLE_CONCURRENCY = YES;
				SWIFT_EMIT_LOC_STRINGS = NO;
				SWIFT_UPCOMING_FEATURE_MEMBER_IMPORT_VISIBILITY = YES;
				SWIFT_VERSION = 5.0;
				TARGETED_DEVICE_FAMILY = "1,2";
				TEST_TARGET_NAME = EB5GuideNext;
			};
			name = Release;
		};
/* End XCBuildConfiguration section */

/* Begin XCConfigurationList section */
		FABD18732EB0CEC70045C6FF /* Build configuration list for PBXProject "EB5GuideNext" */ = {
			isa = XCConfigurationList;
			buildConfigurations = (
				FABD18972EB0CEC70045C6FF /* Debug */,
				FABD18982EB0CEC70045C6FF /* Release */,
			);
			defaultConfigurationIsVisible = 0;
			defaultConfigurationName = Release;
		};
		FABD18992EB0CEC70045C6FF /* Build configuration list for PBXNativeTarget "EB5GuideNext" */ = {
			isa = XCConfigurationList;
			buildConfigurations = (
				FABD189A2EB0CEC70045C6FF /* Debug */,
				FABD189B2EB0CEC70045C6FF /* Release */,
			);
			defaultConfigurationIsVisible = 0;
			defaultConfigurationName = Release;
		};
		FABD189C2EB0CEC70045C6FF /* Build configuration list for PBXNativeTarget "EB5GuideNextTests" */ = {
			isa = XCConfigurationList;
			buildConfigurations = (
				FABD189D2EB0CEC70045C6FF /* Debug */,
				FABD189E2EB0CEC70045C6FF /* Release */,
			);
			defaultConfigurationIsVisible = 0;
			defaultConfigurationName = Release;
		};
		FABD189F2EB0CEC70045C6FF /* Build configuration list for PBXNativeTarget "EB5GuideNextUITests" */ = {
			isa = XCConfigurationList;
			buildConfigurations = (
				FABD18A02EB0CEC70045C6FF /* Debug */,
				FABD18A12EB0CEC70045C6FF /* Release */,
			);
			defaultConfigurationIsVisible = 0;
			defaultConfigurationName = Release;
		};
/* End XCConfigurationList section */
	};
	rootObject = FABD18702EB0CEC70045C6FF /* Project object */;
}
